// !$*UTF8*$!
{
	archiveVersion = 1;
	classes = {
	};
	objectVersion = 46;
	objects = {

/* Begin PBXBuildFile section */
		767884E648FDE46FA0AAF0DD /* libPods-Ortc-iOS-Send-Rest.a in Frameworks */ = {isa = PBXBuildFile; fileRef = 24A230C1F7A956D692F9A92A /* libPods-Ortc-iOS-Send-Rest.a */; };
		848450781BCBFE960022AF44 /* main.m in Sources */ = {isa = PBXBuildFile; fileRef = 848450771BCBFE960022AF44 /* main.m */; };
		8484507B1BCBFE960022AF44 /* AppDelegate.m in Sources */ = {isa = PBXBuildFile; fileRef = 8484507A1BCBFE960022AF44 /* AppDelegate.m */; };
		8484507E1BCBFE960022AF44 /* ViewController.m in Sources */ = {isa = PBXBuildFile; fileRef = 8484507D1BCBFE960022AF44 /* ViewController.m */; };
		848450811BCBFE960022AF44 /* Main.storyboard in Resources */ = {isa = PBXBuildFile; fileRef = 8484507F1BCBFE960022AF44 /* Main.storyboard */; };
		848450831BCBFE960022AF44 /* Assets.xcassets in Resources */ = {isa = PBXBuildFile; fileRef = 848450821BCBFE960022AF44 /* Assets.xcassets */; };
		848450861BCBFE960022AF44 /* LaunchScreen.storyboard in Resources */ = {isa = PBXBuildFile; fileRef = 848450841BCBFE960022AF44 /* LaunchScreen.storyboard */; };
/* End PBXBuildFile section */

/* Begin PBXFileReference section */
		24A230C1F7A956D692F9A92A /* libPods-Ortc-iOS-Send-Rest.a */ = {isa = PBXFileReference; explicitFileType = archive.ar; includeInIndex = 0; path = "libPods-Ortc-iOS-Send-Rest.a"; sourceTree = BUILT_PRODUCTS_DIR; };
		361BB012CC4D5ADE21D685BE /* Pods-Ortc-iOS-Send-Rest.release.xcconfig */ = {isa = PBXFileReference; includeInIndex = 1; lastKnownFileType = text.xcconfig; name = "Pods-Ortc-iOS-Send-Rest.release.xcconfig"; path = "Pods/Target Support Files/Pods-Ortc-iOS-Send-Rest/Pods-Ortc-iOS-Send-Rest.release.xcconfig"; sourceTree = "<group>"; };
		848450731BCBFE960022AF44 /* Ortc-iOS-Send-Rest.app */ = {isa = PBXFileReference; explicitFileType = wrapper.application; includeInIndex = 0; path = "Ortc-iOS-Send-Rest.app"; sourceTree = BUILT_PRODUCTS_DIR; };
		848450771BCBFE960022AF44 /* main.m */ = {isa = PBXFileReference; lastKnownFileType = sourcecode.c.objc; path = main.m; sourceTree = "<group>"; };
		848450791BCBFE960022AF44 /* AppDelegate.h */ = {isa = PBXFileReference; lastKnownFileType = sourcecode.c.h; path = AppDelegate.h; sourceTree = "<group>"; };
		8484507A1BCBFE960022AF44 /* AppDelegate.m */ = {isa = PBXFileReference; lastKnownFileType = sourcecode.c.objc; path = AppDelegate.m; sourceTree = "<group>"; };
		8484507C1BCBFE960022AF44 /* ViewController.h */ = {isa = PBXFileReference; lastKnownFileType = sourcecode.c.h; path = ViewController.h; sourceTree = "<group>"; };
		8484507D1BCBFE960022AF44 /* ViewController.m */ = {isa = PBXFileReference; lastKnownFileType = sourcecode.c.objc; path = ViewController.m; sourceTree = "<group>"; };
		848450801BCBFE960022AF44 /* Base */ = {isa = PBXFileReference; lastKnownFileType = file.storyboard; name = Base; path = Base.lproj/Main.storyboard; sourceTree = "<group>"; };
		848450821BCBFE960022AF44 /* Assets.xcassets */ = {isa = PBXFileReference; lastKnownFileType = folder.assetcatalog; path = Assets.xcassets; sourceTree = "<group>"; };
		848450851BCBFE960022AF44 /* Base */ = {isa = PBXFileReference; lastKnownFileType = file.storyboard; name = Base; path = Base.lproj/LaunchScreen.storyboard; sourceTree = "<group>"; };
		848450871BCBFE960022AF44 /* Info.plist */ = {isa = PBXFileReference; lastKnownFileType = text.plist.xml; path = Info.plist; sourceTree = "<group>"; };
		CB872590BF079A69D5895AD7 /* Pods-Ortc-iOS-Send-Rest.debug.xcconfig */ = {isa = PBXFileReference; includeInIndex = 1; lastKnownFileType = text.xcconfig; name = "Pods-Ortc-iOS-Send-Rest.debug.xcconfig"; path = "Pods/Target Support Files/Pods-Ortc-iOS-Send-Rest/Pods-Ortc-iOS-Send-Rest.debug.xcconfig"; sourceTree = "<group>"; };
/* End PBXFileReference section */

/* Begin PBXFrameworksBuildPhase section */
		848450701BCBFE960022AF44 /* Frameworks */ = {
			isa = PBXFrameworksBuildPhase;
			buildActionMask = 2147483647;
			files = (
				767884E648FDE46FA0AAF0DD /* libPods-Ortc-iOS-Send-Rest.a in Frameworks */,
			);
			runOnlyForDeploymentPostprocessing = 0;
		};
/* End PBXFrameworksBuildPhase section */

/* Begin PBXGroup section */
		8484506A1BCBFE960022AF44 = {
			isa = PBXGroup;
			children = (
				848450751BCBFE960022AF44 /* Ortc-iOS-Send-Rest */,
				848450741BCBFE960022AF44 /* Products */,
				E737513B17745F76C7243721 /* Pods */,
				849D359279B3D02E6CED1CA3 /* Frameworks */,
			);
			sourceTree = "<group>";
		};
		848450741BCBFE960022AF44 /* Products */ = {
			isa = PBXGroup;
			children = (
				848450731BCBFE960022AF44 /* Ortc-iOS-Send-Rest.app */,
			);
			name = Products;
			sourceTree = "<group>";
		};
		848450751BCBFE960022AF44 /* Ortc-iOS-Send-Rest */ = {
			isa = PBXGroup;
			children = (
				848450791BCBFE960022AF44 /* AppDelegate.h */,
				8484507A1BCBFE960022AF44 /* AppDelegate.m */,
				8484507C1BCBFE960022AF44 /* ViewController.h */,
				8484507D1BCBFE960022AF44 /* ViewController.m */,
				8484507F1BCBFE960022AF44 /* Main.storyboard */,
				848450821BCBFE960022AF44 /* Assets.xcassets */,
				848450841BCBFE960022AF44 /* LaunchScreen.storyboard */,
				848450871BCBFE960022AF44 /* Info.plist */,
				848450761BCBFE960022AF44 /* Supporting Files */,
			);
			path = "Ortc-iOS-Send-Rest";
			sourceTree = "<group>";
		};
		848450761BCBFE960022AF44 /* Supporting Files */ = {
			isa = PBXGroup;
			children = (
				848450771BCBFE960022AF44 /* main.m */,
			);
			name = "Supporting Files";
			sourceTree = "<group>";
		};
		849D359279B3D02E6CED1CA3 /* Frameworks */ = {
			isa = PBXGroup;
			children = (
				24A230C1F7A956D692F9A92A /* libPods-Ortc-iOS-Send-Rest.a */,
			);
			name = Frameworks;
			sourceTree = "<group>";
		};
		E737513B17745F76C7243721 /* Pods */ = {
			isa = PBXGroup;
			children = (
				CB872590BF079A69D5895AD7 /* Pods-Ortc-iOS-Send-Rest.debug.xcconfig */,
				361BB012CC4D5ADE21D685BE /* Pods-Ortc-iOS-Send-Rest.release.xcconfig */,
			);
			name = Pods;
			sourceTree = "<group>";
		};
/* End PBXGroup section */

/* Begin PBXNativeTarget section */
		848450721BCBFE960022AF44 /* Ortc-iOS-Send-Rest */ = {
			isa = PBXNativeTarget;
			buildConfigurationList = 8484508A1BCBFE960022AF44 /* Build configuration list for PBXNativeTarget "Ortc-iOS-Send-Rest" */;
			buildPhases = (
				8AC4CECC0DDC0EF7C56B0B1A /* Check Pods Manifest.lock */,
				8484506F1BCBFE960022AF44 /* Sources */,
				848450701BCBFE960022AF44 /* Frameworks */,
				848450711BCBFE960022AF44 /* Resources */,
				427A3C9D3886A7C4E8A294B0 /* Embed Pods Frameworks */,
				ACCE88988D28D87F356E871A /* Copy Pods Resources */,
			);
			buildRules = (
			);
			dependencies = (
			);
			name = "Ortc-iOS-Send-Rest";
			productName = "Ortc-iOS-Send-Rest";
			productReference = 848450731BCBFE960022AF44 /* Ortc-iOS-Send-Rest.app */;
			productType = "com.apple.product-type.application";
		};
/* End PBXNativeTarget section */

/* Begin PBXProject section */
		8484506B1BCBFE960022AF44 /* Project object */ = {
			isa = PBXProject;
			attributes = {
				LastUpgradeCheck = 0700;
				ORGANIZATIONNAME = realtime.co;
				TargetAttributes = {
					848450721BCBFE960022AF44 = {
						CreatedOnToolsVersion = 7.0.1;
					};
				};
			};
			buildConfigurationList = 8484506E1BCBFE960022AF44 /* Build configuration list for PBXProject "Ortc-iOS-Send-Rest" */;
			compatibilityVersion = "Xcode 3.2";
			developmentRegion = English;
			hasScannedForEncodings = 0;
			knownRegions = (
				en,
				Base,
			);
			mainGroup = 8484506A1BCBFE960022AF44;
			productRefGroup = 848450741BCBFE960022AF44 /* Products */;
			projectDirPath = "";
			projectRoot = "";
			targets = (
				848450721BCBFE960022AF44 /* Ortc-iOS-Send-Rest */,
			);
		};
/* End PBXProject section */

/* Begin PBXResourcesBuildPhase section */
		848450711BCBFE960022AF44 /* Resources */ = {
			isa = PBXResourcesBuildPhase;
			buildActionMask = 2147483647;
			files = (
				848450861BCBFE960022AF44 /* LaunchScreen.storyboard in Resources */,
				848450831BCBFE960022AF44 /* Assets.xcassets in Resources */,
				848450811BCBFE960022AF44 /* Main.storyboard in Resources */,
			);
			runOnlyForDeploymentPostprocessing = 0;
		};
/* End PBXResourcesBuildPhase section */

/* Begin PBXShellScriptBuildPhase section */
		427A3C9D3886A7C4E8A294B0 /* Embed Pods Frameworks */ = {
			isa = PBXShellScriptBuildPhase;
			buildActionMask = 2147483647;
			files = (
			);
			inputPaths = (
			);
			name = "Embed Pods Frameworks";
			outputPaths = (
			);
			runOnlyForDeploymentPostprocessing = 0;
			shellPath = /bin/sh;
			shellScript = "\"${SRCROOT}/Pods/Target Support Files/Pods-Ortc-iOS-Send-Rest/Pods-Ortc-iOS-Send-Rest-frameworks.sh\"\n";
			showEnvVarsInLog = 0;
		};
		8AC4CECC0DDC0EF7C56B0B1A /* Check Pods Manifest.lock */ = {
			isa = PBXShellScriptBuildPhase;
			buildActionMask = 2147483647;
			files = (
			);
			inputPaths = (
			);
			name = "Check Pods Manifest.lock";
			outputPaths = (
			);
			runOnlyForDeploymentPostprocessing = 0;
			shellPath = /bin/sh;
			shellScript = "diff \"${PODS_ROOT}/../Podfile.lock\" \"${PODS_ROOT}/Manifest.lock\" > /dev/null\nif [[ $? != 0 ]] ; then\n    cat << EOM\nerror: The sandbox is not in sync with the Podfile.lock. Run 'pod install' or update your CocoaPods installation.\nEOM\n    exit 1\nfi\n";
			showEnvVarsInLog = 0;
		};
		ACCE88988D28D87F356E871A /* Copy Pods Resources */ = {
			isa = PBXShellScriptBuildPhase;
			buildActionMask = 2147483647;
			files = (
			);
			inputPaths = (
			);
			name = "Copy Pods Resources";
			outputPaths = (
			);
			runOnlyForDeploymentPostprocessing = 0;
			shellPath = /bin/sh;
			shellScript = "\"${SRCROOT}/Pods/Target Support Files/Pods-Ortc-iOS-Send-Rest/Pods-Ortc-iOS-Send-Rest-resources.sh\"\n";
			showEnvVarsInLog = 0;
		};
/* End PBXShellScriptBuildPhase section */

/* Begin PBXSourcesBuildPhase section */
		8484506F1BCBFE960022AF44 /* Sources */ = {
			isa = PBXSourcesBuildPhase;
			buildActionMask = 2147483647;
			files = (
				8484507E1BCBFE960022AF44 /* ViewController.m in Sources */,
				8484507B1BCBFE960022AF44 /* AppDelegate.m in Sources */,
				848450781BCBFE960022AF44 /* main.m in Sources */,
			);
			runOnlyForDeploymentPostprocessing = 0;
		};
/* End PBXSourcesBuildPhase section */

/* Begin PBXVariantGroup section */
		8484507F1BCBFE960022AF44 /* Main.storyboard */ = {
			isa = PBXVariantGroup;
			children = (
				848450801BCBFE960022AF44 /* Base */,
			);
			name = Main.storyboard;
			sourceTree = "<group>";
		};
		848450841BCBFE960022AF44 /* LaunchScreen.storyboard */ = {
			isa = PBXVariantGroup;
			children = (
				848450851BCBFE960022AF44 /* Base */,
			);
			name = LaunchScreen.storyboard;
			sourceTree = "<group>";
		};
/* End PBXVariantGroup section */

/* Begin XCBuildConfiguration section */
		848450881BCBFE960022AF44 /* Debug */ = {
			isa = XCBuildConfiguration;
			buildSettings = {
				ALWAYS_SEARCH_USER_PATHS = NO;
				CLANG_CXX_LANGUAGE_STANDARD = "gnu++0x";
				CLANG_CXX_LIBRARY = "libc++";
				CLANG_ENABLE_MODULES = YES;
				CLANG_ENABLE_OBJC_ARC = YES;
				CLANG_WARN_BOOL_CONVERSION = YES;
				CLANG_WARN_CONSTANT_CONVERSION = YES;
				CLANG_WARN_DIRECT_OBJC_ISA_USAGE = YES_ERROR;
				CLANG_WARN_EMPTY_BODY = YES;
				CLANG_WARN_ENUM_CONVERSION = YES;
				CLANG_WARN_INT_CONVERSION = YES;
				CLANG_WARN_OBJC_ROOT_CLASS = YES_ERROR;
				CLANG_WARN_UNREACHABLE_CODE = YES;
				CLANG_WARN__DUPLICATE_METHOD_MATCH = YES;
				"CODE_SIGN_IDENTITY[sdk=iphoneos*]" = "iPhone Developer";
				COPY_PHASE_STRIP = NO;
				DEBUG_INFORMATION_FORMAT = dwarf;
				ENABLE_STRICT_OBJC_MSGSEND = YES;
				ENABLE_TESTABILITY = YES;
				GCC_C_LANGUAGE_STANDARD = gnu99;
				GCC_DYNAMIC_NO_PIC = NO;
				GCC_NO_COMMON_BLOCKS = YES;
				GCC_OPTIMIZATION_LEVEL = 0;
				GCC_PREPROCESSOR_DEFINITIONS = (
					"DEBUG=1",
					"$(inherited)",
				);
				GCC_WARN_64_TO_32_BIT_CONVERSION = YES;
				GCC_WARN_ABOUT_RETURN_TYPE = YES_ERROR;
				GCC_WARN_UNDECLARED_SELECTOR = YES;
				GCC_WARN_UNINITIALIZED_AUTOS = YES_AGGRESSIVE;
				GCC_WARN_UNUSED_FUNCTION = YES;
				GCC_WARN_UNUSED_VARIABLE = YES;
				IPHONEOS_DEPLOYMENT_TARGET = 9.0;
				MTL_ENABLE_DEBUG_INFO = YES;
				ONLY_ACTIVE_ARCH = YES;
				SDKROOT = iphoneos;
				TARGETED_DEVICE_FAMILY = "1,2";
			};
			name = Debug;
		};
		848450891BCBFE960022AF44 /* Release */ = {
			isa = XCBuildConfiguration;
			buildSettings = {
				ALWAYS_SEARCH_USER_PATHS = NO;
				CLANG_CXX_LANGUAGE_STANDARD = "gnu++0x";
				CLANG_CXX_LIBRARY = "libc++";
				CLANG_ENABLE_MODULES = YES;
				CLANG_ENABLE_OBJC_ARC = YES;
				CLANG_WARN_BOOL_CONVERSION = YES;
				CLANG_WARN_CONSTANT_CONVERSION = YES;
				CLANG_WARN_DIRECT_OBJC_ISA_USAGE = YES_ERROR;
				CLANG_WARN_EMPTY_BODY = YES;
				CLANG_WARN_ENUM_CONVERSION = YES;
				CLANG_WARN_INT_CONVERSION = YES;
				CLANG_WARN_OBJC_ROOT_CLASS = YES_ERROR;
				CLANG_WARN_UNREACHABLE_CODE = YES;
				CLANG_WARN__DUPLICATE_METHOD_MATCH = YES;
				"CODE_SIGN_IDENTITY[sdk=iphoneos*]" = "iPhone Developer";
				COPY_PHASE_STRIP = NO;
				DEBUG_INFORMATION_FORMAT = "dwarf-with-dsym";
				ENABLE_NS_ASSERTIONS = NO;
				ENABLE_STRICT_OBJC_MSGSEND = YES;
				GCC_C_LANGUAGE_STANDARD = gnu99;
				GCC_NO_COMMON_BLOCKS = YES;
				GCC_WARN_64_TO_32_BIT_CONVERSION = YES;
				GCC_WARN_ABOUT_RETURN_TYPE = YES_ERROR;
				GCC_WARN_UNDECLARED_SELECTOR = YES;
				GCC_WARN_UNINITIALIZED_AUTOS = YES_AGGRESSIVE;
				GCC_WARN_UNUSED_FUNCTION = YES;
				GCC_WARN_UNUSED_VARIABLE = YES;
				IPHONEOS_DEPLOYMENT_TARGET = 9.0;
				MTL_ENABLE_DEBUG_INFO = NO;
				SDKROOT = iphoneos;
				TARGETED_DEVICE_FAMILY = "1,2";
				VALIDATE_PRODUCT = YES;
			};
			name = Release;
		};
		8484508B1BCBFE960022AF44 /* Debug */ = {
			isa = XCBuildConfiguration;
			baseConfigurationReference = CB872590BF079A69D5895AD7 /* Pods-Ortc-iOS-Send-Rest.debug.xcconfig */;
			buildSettings = {
				ASSETCATALOG_COMPILER_APPICON_NAME = AppIcon;
				INFOPLIST_FILE = "Ortc-iOS-Send-Rest/Info.plist";
				LD_RUNPATH_SEARCH_PATHS = "$(inherited) @executable_path/Frameworks";
				PRODUCT_BUNDLE_IDENTIFIER = "co.realtime.Ortc-iOS-Send-Rest";
				PRODUCT_NAME = "$(TARGET_NAME)";
			};
			name = Debug;
		};
		8484508C1BCBFE960022AF44 /* Release */ = {
			isa = XCBuildConfiguration;
			baseConfigurationReference = 361BB012CC4D5ADE21D685BE /* Pods-Ortc-iOS-Send-Rest.release.xcconfig */;
			buildSettings = {
				ASSETCATALOG_COMPILER_APPICON_NAME = AppIcon;
				INFOPLIST_FILE = "Ortc-iOS-Send-Rest/Info.plist";
				LD_RUNPATH_SEARCH_PATHS = "$(inherited) @executable_path/Frameworks";
				PRODUCT_BUNDLE_IDENTIFIER = "co.realtime.Ortc-iOS-Send-Rest";
				PRODUCT_NAME = "$(TARGET_NAME)";
			};
			name = Release;
		};
/* End XCBuildConfiguration section */

/* Begin XCConfigurationList section */
		8484506E1BCBFE960022AF44 /* Build configuration list for PBXProject "Ortc-iOS-Send-Rest" */ = {
			isa = XCConfigurationList;
			buildConfigurations = (
				848450881BCBFE960022AF44 /* Debug */,
				848450891BCBFE960022AF44 /* Release */,
			);
			defaultConfigurationIsVisible = 0;
			defaultConfigurationName = Release;
		};
		8484508A1BCBFE960022AF44 /* Build configuration list for PBXNativeTarget "Ortc-iOS-Send-Rest" */ = {
			isa = XCConfigurationList;
			buildConfigurations = (
				8484508B1BCBFE960022AF44 /* Debug */,
				8484508C1BCBFE960022AF44 /* Release */,
			);
			defaultConfigurationIsVisible = 0;
			defaultConfigurationName = Release;
		};
/* End XCConfigurationList section */
	};
	rootObject = 8484506B1BCBFE960022AF44 /* Project object */;
}
